
Microsoft Visual Studio Solution File, Format Version 12.00
# Visual Studio Version 16
VisualStudioVersion = 16.0.30523.141
MinimumVisualStudioVersion = 10.0.40219.1
Project("{9A19103F-16F7-4668-BE54-9A1E7A4F7556}") = "LyricsStats", "LyricsStats\LyricsStats.csproj", "{C4C7BDDA-AEF8-429D-86BD-DCC92AD3ECE0}"
EndProject
Project("{FAE04EC0-301F-11D3-BF4B-00C04F79EFBC}") = "LyricsStatsTests", "LyricsStatsTests\LyricsStatsTests.csproj", "{08FB37DD-5D46-419E-8839-92FD8CC9BD5C}"
EndProject
Global
	GlobalSection(SolutionConfigurationPlatforms) = preSolution
		Debug|Any CPU = Debug|Any CPU
		Release|Any CPU = Release|Any CPU
	EndGlobalSection
	GlobalSection(ProjectConfigurationPlatforms) = postSolution
		{C4C7BDDA-AEF8-429D-86BD-DCC92AD3ECE0}.Debug|Any CPU.ActiveCfg = Debug|Any CPU
		{C4C7BDDA-AEF8-429D-86BD-DCC92AD3ECE0}.Debug|Any CPU.Build.0 = Debug|Any CPU
		{C4C7BDDA-AEF8-429D-86BD-DCC92AD3ECE0}.Release|Any CPU.ActiveCfg = Release|Any CPU
		{C4C7BDDA-AEF8-429D-86BD-DCC92AD3ECE0}.Release|Any CPU.Build.0 = Release|Any CPU
		{08FB37DD-5D46-419E-8839-92FD8CC9BD5C}.Debug|Any CPU.ActiveCfg = Debug|Any CPU
		{08FB37DD-5D46-419E-8839-92FD8CC9BD5C}.Debug|Any CPU.Build.0 = Debug|Any CPU
		{08FB37DD-5D46-419E-8839-92FD8CC9BD5C}.Release|Any CPU.ActiveCfg = Release|Any CPU
		{08FB37DD-5D46-419E-8839-92FD8CC9BD5C}.Release|Any CPU.Build.0 = Release|Any CPU
	EndGlobalSection
	GlobalSection(SolutionProperties) = preSolution
		HideSolutionNode = FALSE
	EndGlobalSection
	GlobalSection(ExtensibilityGlobals) = postSolution
		SolutionGuid = {C6D12FB8-B12B-4031-ABF4-20A7B6CBF277}
	EndGlobalSection
EndGlobal
